
Microsoft Visual Studio Solution File, Format Version 12.00
# Visual Studio Version 17
VisualStudioVersion = 17.9.34622.214
MinimumVisualStudioVersion = 10.0.40219.1
Project("{FAE04EC0-301F-11D3-BF4B-00C04F79EFBC}") = "TDD.App", "TDD.App\TDD.App.csproj", "{E9690DBF-A16D-4908-BEBE-AFADB83E6252}"
EndProject
Project("{FAE04EC0-301F-11D3-BF4B-00C04F79EFBC}") = "TDD.Test", "TDD.Test\TDD.Test.csproj", "{030D648F-D646-4FC5-9233-0BE0024BECCE}"
EndProject
Global
	GlobalSection(SolutionConfigurationPlatforms) = preSolution
		Debug|Any CPU = Debug|Any CPU
		Release|Any CPU = Release|Any CPU
	EndGlobalSection
	GlobalSection(ProjectConfigurationPlatforms) = postSolution
		{E9690DBF-A16D-4908-BEBE-AFADB83E6252}.Debug|Any CPU.ActiveCfg = Debug|Any CPU
		{E9690DBF-A16D-4908-BEBE-AFADB83E6252}.Debug|Any CPU.Build.0 = Debug|Any CPU
		{E9690DBF-A16D-4908-BEBE-AFADB83E6252}.Release|Any CPU.ActiveCfg = Release|Any CPU
		{E9690DBF-A16D-4908-BEBE-AFADB83E6252}.Release|Any CPU.Build.0 = Release|Any CPU
		{030D648F-D646-4FC5-9233-0BE0024BECCE}.Debug|Any CPU.ActiveCfg = Debug|Any CPU
		{030D648F-D646-4FC5-9233-0BE0024BECCE}.Debug|Any CPU.Build.0 = Debug|Any CPU
		{030D648F-D646-4FC5-9233-0BE0024BECCE}.Release|Any CPU.ActiveCfg = Release|Any CPU
		{030D648F-D646-4FC5-9233-0BE0024BECCE}.Release|Any CPU.Build.0 = Release|Any CPU
	EndGlobalSection
	GlobalSection(SolutionProperties) = preSolution
		HideSolutionNode = FALSE
	EndGlobalSection
	GlobalSection(ExtensibilityGlobals) = postSolution
		SolutionGuid = {7817707C-E8E4-42EE-A5A3-D26420BD9EF8}
	EndGlobalSection
EndGlobal
